
Microsoft Visual Studio Solution File, Format Version 12.00
# Visual Studio 15
VisualStudioVersion = 15.0.27428.2037
MinimumVisualStudioVersion = 10.0.40219.1
Project("{FAE04EC0-301F-11D3-BF4B-00C04F79EFBC}") = "WebApi", "WebApi\WebApi.csproj", "{E190CE0D-48F1-49B4-A092-0C903821E30E}"
EndProject
Global
	GlobalSection(SolutionConfigurationPlatforms) = preSolution
		Debug|Any CPU = Debug|Any CPU
		Release|Any CPU = Release|Any CPU
	EndGlobalSection
	GlobalSection(ProjectConfigurationPlatforms) = postSolution
		{E190CE0D-48F1-49B4-A092-0C903821E30E}.Debug|Any CPU.ActiveCfg = Debug|Any CPU
		{E190CE0D-48F1-49B4-A092-0C903821E30E}.Debug|Any CPU.Build.0 = Debug|Any CPU
		{E190CE0D-48F1-49B4-A092-0C903821E30E}.Release|Any CPU.ActiveCfg = Release|Any CPU
		{E190CE0D-48F1-49B4-A092-0C903821E30E}.Release|Any CPU.Build.0 = Release|Any CPU
	EndGlobalSection
	GlobalSection(SolutionProperties) = preSolution
		HideSolutionNode = FALSE
	EndGlobalSection
	GlobalSection(ExtensibilityGlobals) = postSolution
		SolutionGuid = {7A33E5BF-DCC9-4F8A-9B61-E554898ED8A4}
	EndGlobalSection
EndGlobal
